<?xml version="1.0" encoding="utf-8"?>
<Project ToolsVersion="4.0" xmlns="http://schemas.microsoft.com/developer/msbuild/2003">
  <ItemGroup>
    <Filter Include="Source Files">
      <UniqueIdentifier>{4FC737F1-C7A5-4376-A066-2A32D752A2FF}</UniqueIdentifier>
      <Extensions>cpp;c;cc;cxx;c++;cppm;ixx;def;odl;idl;hpj;bat;asm;asmx</Extensions>
    </Filter>
    <Filter Include="Header Files">
      <UniqueIdentifier>{93995380-89BD-4b04-88EB-625FBE52EBFB}</UniqueIdentifier>
      <Extensions>h;hh;hpp;hxx;h++;hm;inl;inc;ipp;xsd</Extensions>
    </Filter>
    <Filter Include="Resource Files">
      <UniqueIdentifier>{67DA6AB6-F800-4c08-8B7A-83BB121AAD01}</UniqueIdentifier>
      <Extensions>rc;ico;cur;bmp;dlg;rc2;rct;bin;rgs;gif;jpg;jpeg;jpe;resx;tiff;tif;png;wav;mfcribbon-ms</Extensions>
    </Filter>
    <Filter Include="Source Files\Engine">
      <UniqueIdentifier>{590e87c3-7f27-4b91-9348-3b92817f41ef}</UniqueIdentifier>
    </Filter>
    <Filter Include="Source Files\Components">
      <UniqueIdentifier>{56151ee9-955d-4757-96c1-c6a60cc4f42b}</UniqueIdentifier>
    </Filter>
    <Filter Include="Source Files\Engine\States">
      <UniqueIdentifier>{328506d0-152d-43e0-8b68-52542b9b4f53}</UniqueIdentifier>
    </Filter>
    <Filter Include="Source Files\Engine\Modules">
      <UniqueIdentifier>{81220629-a43e-4edd-afb3-4b4ac61cdd50}</UniqueIdentifier>
    </Filter>
    <Filter Include="Source Files\Blocks">
      <UniqueIdentifier>{9ef7562c-1284-4d52-a54c-8f9cef173899}</UniqueIdentifier>
    </Filter>
    <Filter Include="Source Files\Engine\Modules\Actions">
      <UniqueIdentifier>{ee78f012-e111-45a8-a9bc-46ad36e1a5fa}</UniqueIdentifier>
    </Filter>
    <Filter Include="Source Files\Blocks\Biomes">
      <UniqueIdentifier>{c47a83db-95c3-4195-b538-8ab76003c106}</UniqueIdentifier>
    </Filter>
  </ItemGroup>
  <ItemGroup>
    <ClCompile Include="Camera.cpp">
      <Filter>Source Files</Filter>
    </ClCompile>
    <ClCompile Include="main.cpp">
      <Filter>Source Files</Filter>
    </ClCompile>
    <ClCompile Include="Player.cpp">
      <Filter>Source Files</Filter>
    </ClCompile>
    <ClCompile Include="TileMap.cpp">
      <Filter>Source Files</Filter>
    </ClCompile>
    <ClCompile Include="TilesetLoader.cpp">
      <Filter>Source Files</Filter>
    </ClCompile>
    <ClCompile Include="Actor.cpp">
      <Filter>Source Files</Filter>
    </ClCompile>
    <ClCompile Include="NeutralState.h">
      <Filter>Source Files\Engine\States</Filter>
    </ClCompile>
    <ClCompile Include="StateMachine.cpp">
      <Filter>Source Files\Engine\States</Filter>
    </ClCompile>
    <ClCompile Include="NeutralState.cpp">
      <Filter>Source Files\Engine\States</Filter>
    </ClCompile>
    <ClCompile Include="JumpingState.cpp">
      <Filter>Source Files\Engine\States</Filter>
    </ClCompile>
    <ClCompile Include="BlockRegistryModule.h">
      <Filter>Source Files\Engine\Modules</Filter>
    </ClCompile>
    <ClCompile Include="Engine.cpp">
      <Filter>Source Files\Engine\Modules</Filter>
    </ClCompile>
    <ClCompile Include="PlayerModule.cpp">
      <Filter>Source Files\Engine\Modules</Filter>
    </ClCompile>
    <ClCompile Include="RenderModule.cpp">
      <Filter>Source Files\Engine\Modules</Filter>
    </ClCompile>
    <ClCompile Include="BlockRegistryModule.cpp">
      <Filter>Source Files\Engine\Modules</Filter>
    </ClCompile>
    <ClCompile Include="GameObject.cpp">
      <Filter>Source Files\Engine</Filter>
    </ClCompile>
    <ClCompile Include="Block.cpp">
      <Filter>Source Files\Blocks</Filter>
    </ClCompile>
    <ClCompile Include="DirtBlock.cpp">
      <Filter>Source Files\Blocks</Filter>
    </ClCompile>
    <ClCompile Include="WorldModule.cpp">
      <Filter>Source Files\Engine\Modules</Filter>
    </ClCompile>
    <ClCompile Include="CameraModule.cpp">
      <Filter>Source Files\Engine\Modules</Filter>
    </ClCompile>
    <ClCompile Include="InputModule.cpp">
      <Filter>Source Files\Engine\Modules</Filter>
    </ClCompile>
    <ClCompile Include="JumpAction.cpp">
      <Filter>Source Files</Filter>
    </ClCompile>
    <ClCompile Include="MoveAction.cpp">
      <Filter>Source Files</Filter>
    </ClCompile>
    <ClCompile Include="ChunkManagerModule.cpp">
      <Filter>Source Files\Engine\Modules</Filter>
    </ClCompile>
    <ClCompile Include="WaterBlock.cpp">
      <Filter>Source Files</Filter>
    </ClCompile>
    <ClCompile Include="StoneBlock.cpp">
      <Filter>Source Files\Blocks</Filter>
    </ClCompile>
    <ClCompile Include="SandBlock.cpp">
      <Filter>Source Files\Blocks</Filter>
    </ClCompile>
    <ClCompile Include="DesertBiome.cpp">
      <Filter>Source Files\Blocks\Biomes</Filter>
    </ClCompile>
    <ClCompile Include="TundraBiome.cpp">
      <Filter>Source Files\Blocks\Biomes</Filter>
    </ClCompile>
    <ClCompile Include="ForestBiome.cpp">
      <Filter>Source Files\Blocks\Biomes</Filter>
    </ClCompile>
    <ClCompile Include="PlainsBiome.cpp">
      <Filter>Source Files\Blocks\Biomes</Filter>
    </ClCompile>
    <ClCompile Include="BiomeManager.cpp">
      <Filter>Source Files\Blocks\Biomes</Filter>
    </ClCompile>
  </ItemGroup>
  <ItemGroup>
    <ClInclude Include="BlockType.h">
      <Filter>Source Files</Filter>
    </ClInclude>
    <ClInclude Include="Camera.h">
      <Filter>Source Files</Filter>
    </ClInclude>
    <ClInclude Include="Constants.h">
      <Filter>Source Files</Filter>
    </ClInclude>
    <ClInclude Include="Player.h">
      <Filter>Source Files</Filter>
    </ClInclude>
    <ClInclude Include="TileMap.h">
      <Filter>Source Files</Filter>
    </ClInclude>
    <ClInclude Include="TilesetLoader.h">
      <Filter>Source Files</Filter>
    </ClInclude>
    <ClInclude Include="Component.h">
      <Filter>Source Files\Components</Filter>
    </ClInclude>
    <ClInclude Include="Actor.h">
      <Filter>Source Files</Filter>
    </ClInclude>
    <ClInclude Include="GravityComponent.h">
      <Filter>Source Files\Components</Filter>
    </ClInclude>
    <ClInclude Include="PositionComponent.h">
      <Filter>Source Files\Components</Filter>
    </ClInclude>
    <ClInclude Include="MapComponent.h">
      <Filter>Source Files\Components</Filter>
    </ClInclude>
    <ClInclude Include="State.h">
      <Filter>Source Files\Engine\States</Filter>
    </ClInclude>
    <ClInclude Include="StateMachine.h">
      <Filter>Source Files\Engine\States</Filter>
    </ClInclude>
    <ClInclude Include="JumpingState.h">
      <Filter>Source Files\Engine\States</Filter>
    </ClInclude>
    <ClInclude Include="FastNoiseLite.h">
      <Filter>Source Files</Filter>
    </ClInclude>
    <ClInclude Include="CameraModule.h">
      <Filter>Source Files\Engine\Modules</Filter>
    </ClInclude>
    <ClInclude Include="Engine.h">
      <Filter>Source Files\Engine\Modules</Filter>
    </ClInclude>
    <ClInclude Include="Module.h">
      <Filter>Source Files\Engine\Modules</Filter>
    </ClInclude>
    <ClInclude Include="PlayerModule.h">
      <Filter>Source Files\Engine\Modules</Filter>
    </ClInclude>
    <ClInclude Include="RenderModule.h">
      <Filter>Source Files\Engine\Modules</Filter>
    </ClInclude>
    <ClInclude Include="WorldModule.h">
      <Filter>Source Files\Engine\Modules</Filter>
    </ClInclude>
    <ClInclude Include="Block.h">
      <Filter>Source Files\Blocks</Filter>
    </ClInclude>
    <ClInclude Include="GameObject.h">
      <Filter>Source Files\Engine</Filter>
    </ClInclude>
    <ClInclude Include="BlockComponent.h">
      <Filter>Source Files\Components</Filter>
    </ClInclude>
    <ClInclude Include="SpriteComponent.h">
      <Filter>Source Files\Components</Filter>
    </ClInclude>
    <ClInclude Include="DirtBlock.h">
      <Filter>Source Files\Blocks</Filter>
    </ClInclude>
    <ClInclude Include="InputModule.h">
      <Filter>Source Files\Engine\Modules</Filter>
    </ClInclude>
    <ClInclude Include="Action.h">
      <Filter>Source Files\Engine\Modules\Actions</Filter>
    </ClInclude>
    <ClInclude Include="Chunk.h">
      <Filter>Header Files</Filter>
    </ClInclude>
    <ClInclude Include="ChunkCoord.h">
      <Filter>Header Files</Filter>
    </ClInclude>
    <ClInclude Include="ChunkManagerModule.h">
      <Filter>Header Files</Filter>
    </ClInclude>
    <ClInclude Include="JumpAction.h">
      <Filter>Header Files</Filter>
    </ClInclude>
    <ClInclude Include="MoveAction.h">
      <Filter>Header Files</Filter>
    </ClInclude>
    <ClInclude Include="StoneBlock.h">
      <Filter>Source Files\Blocks</Filter>
    </ClInclude>
    <ClInclude Include="WaterBlock.h">
      <Filter>Header Files</Filter>
    </ClInclude>
    <ClInclude Include="SandBlock.h">
      <Filter>Source Files\Blocks</Filter>
    </ClInclude>
    <ClInclude Include="Biome.h">
      <Filter>Source Files\Blocks\Biomes</Filter>
    </ClInclude>
    <ClInclude Include="PlainsBiome.h">
      <Filter>Source Files\Blocks\Biomes</Filter>
    </ClInclude>
    <ClInclude Include="TundraBiome.h">
      <Filter>Source Files\Blocks\Biomes</Filter>
    </ClInclude>
    <ClInclude Include="DesertBiome.h">
      <Filter>Source Files\Blocks\Biomes</Filter>
    </ClInclude>
    <ClInclude Include="ForestBiome.h">
      <Filter>Source Files\Blocks\Biomes</Filter>
    </ClInclude>
    <ClInclude Include="BiomeManager.h">
      <Filter>Source Files\Blocks\Biomes</Filter>
    </ClInclude>
  </ItemGroup>
  <ItemGroup>
    <Image Include="tileset2.bmp">
      <Filter>Source Files</Filter>
    </Image>
  </ItemGroup>
</Project>